{
  "name": "hs-ledger-address",
  "version": "0.0.0",
  "lockfileVersion": 1,
  "requires": true,
  "dependencies": {
    "ansi-regex": {
      "version": "2.1.1",
      "resolved": "https://registry.npmjs.org/ansi-regex/-/ansi-regex-2.1.1.tgz",
      "integrity": "sha1-w7M6te42DYbg5ijwRorn7yfWVN8="
    },
    "aproba": {
      "version": "1.2.0",
      "resolved": "https://registry.npmjs.org/aproba/-/aproba-1.2.0.tgz",
      "integrity": "sha512-Y9J6ZjXtoYh8RnXVCMOU/ttDmk1aBjunq9vO0ta5x85WDQiQfUF9sIPBITdbiiIVcBo03Hi3jMxigBtsddlXRw=="
    },
    "are-we-there-yet": {
      "version": "1.1.5",
      "resolved": "https://registry.npmjs.org/are-we-there-yet/-/are-we-there-yet-1.1.5.tgz",
      "integrity": "sha512-5hYdAkZlcG8tOLujVDTgCT+uPX0VnpAH28gWsLfzpXYm7wP6mp5Q/gYyR7YQ0cKVJcXJnl3j2kpBan13PtQf6w==",
      "requires": {
        "delegates": "^1.0.0",
        "readable-stream": "^2.0.6"
      }
    },
    "bcfg": {
      "version": "0.1.2",
      "resolved": "https://registry.npmjs.org/bcfg/-/bcfg-0.1.2.tgz",
      "integrity": "sha512-vKp2Pqf8z4wk9213SQPv307/qh4bI6NPmYlW4rtTLPeNrkHMWNn2dLpxHQ4Fe/CganPcoR0xKZDopFKYeneQKw==",
      "requires": {
        "bsert": "~0.0.3"
      }
    },
    "bcrypto": {
      "version": "0.3.6",
      "resolved": "https://registry.npmjs.org/bcrypto/-/bcrypto-0.3.6.tgz",
      "integrity": "sha512-G/yKm3MtlkVmDtUU2YjDfBnS7KUonW0cJzuxu/Mh7QaYUgzeobOTfCCesjNdNqlwSQzTzrxRVZYHUl6vTqCXnQ==",
      "requires": {
        "bindings": "~1.3.0",
        "bn.js": "~4.11.8",
        "bufio": "~0.2.0",
        "elliptic": "~6.4.0",
        "nan": "~2.10.0",
        "secp256k1": "3.5.0"
      }
    },
    "bcuckoo": {
      "version": "0.5.0",
      "resolved": "https://registry.npmjs.org/bcuckoo/-/bcuckoo-0.5.0.tgz",
      "integrity": "sha512-rkDAr7IlCvAsZW8jzF2gmQ1TbWW3ICE0V1uIXkf6WDZv2Iyk5Eik1k5RDePQnZ4Vd8BH2nyCRUl07OQQku0yKQ==",
      "requires": {
        "bcrypto": "~1.1.0",
        "bsert": "~0.0.4",
        "bsip": "~0.1.1",
        "bufio": "~1.0.1"
      },
      "dependencies": {
        "bcrypto": {
          "version": "1.1.0",
          "resolved": "https://registry.npmjs.org/bcrypto/-/bcrypto-1.1.0.tgz",
          "integrity": "sha512-XOXwwnqnhH+9ASVHUtBP/tfzszHZ+TD5DMkER27OwF3wBUS8Rg/tnmfXRQ/h5hsrl5qPiTVtjsD6LjFvzgAIgw==",
          "requires": {
            "bindings": "~1.3.0",
            "bsert": "~0.0.4",
            "bufio": "~1.0.1",
            "nan": "~2.10.0"
          }
        },
        "bufio": {
          "version": "1.0.1",
          "resolved": "https://registry.npmjs.org/bufio/-/bufio-1.0.1.tgz",
          "integrity": "sha512-yPe6AIUmbRCSXNrg6tBXc7E3FDnkcwLH2I8/G50bgfsUNVldFM7v42lsO1K8UPlcfTYm/GwRuEXsdSxX4L8lvA=="
        }
      }
    },
    "bcurl": {
      "version": "0.1.2",
      "resolved": "https://registry.npmjs.org/bcurl/-/bcurl-0.1.2.tgz",
      "integrity": "sha512-VrOb7DzrByO8Aazqic65HVPS51R/JNu/IbUY4ozu3zaft7dcpDgkE9GFRHc1dBeI5urj22ehLWw8/ZcDeh29wg==",
      "requires": {
        "brq": "~0.1.2",
        "bsert": "~0.0.3",
        "bsock": "~0.1.1"
      }
    },
    "bdb": {
      "version": "1.1.0",
      "resolved": "https://registry.npmjs.org/bdb/-/bdb-1.1.0.tgz",
      "integrity": "sha512-+q1Mb0vvIAytag1HkA4eL6RRSlK3wKHpHHC5b/dHwSP0HMRb5rInvUY84vB6T+9wHnm88HWRiZyLPK4H4ICMVQ==",
      "requires": {
        "bindings": "~1.3.0",
        "bsert": "~0.0.4",
        "nan": "~2.10.0"
      }
    },
    "bdns": {
      "version": "0.1.1",
      "resolved": "https://registry.npmjs.org/bdns/-/bdns-0.1.1.tgz",
      "integrity": "sha512-XnZAjI4DOlwYW7V4uhekGXOwTmJ3zSZtG5iHybqTPTSFwh1XsxZreXcKLoPZcvBz7v+vqo934JMYPprmtc62lA==",
      "requires": {
        "bsert": "~0.0.3"
      }
    },
    "bevent": {
      "version": "0.1.1",
      "resolved": "https://registry.npmjs.org/bevent/-/bevent-0.1.1.tgz",
      "integrity": "sha512-0CbDBnwxyqSdO/63kOi190mHNYpbG1bS7OBNl/PdbA2tHk5ewMfdZaaU+njn9kgr23NGbdoocfXR5Wo7bjYsIg==",
      "requires": {
        "bsert": "~0.0.3"
      }
    },
    "bfile": {
      "version": "0.1.1",
      "resolved": "https://registry.npmjs.org/bfile/-/bfile-0.1.1.tgz",
      "integrity": "sha512-BzQX3loGHgVKfu4KhZ1lI3yaZeBSFar6kKBJNTBCtI+SvYhXn4OALgCxX0C0/9Ca39vjcSkwLhOLMZZGoC0F6g=="
    },
    "bfilter": {
      "version": "1.0.0",
      "resolved": "https://registry.npmjs.org/bfilter/-/bfilter-1.0.0.tgz",
      "integrity": "sha512-K6Esl85WOlpj7EIiSPL5xjToTz1/rQ1SLrQpPpNUpOJLpvelka6JfvuEiWUyk7MuMPR7GqsDSVrnVDdJdwCJmg==",
      "requires": {
        "bsert": "~0.0.3",
        "bufio": "~1.0.1",
        "mrmr": "~0.1.1"
      },
      "dependencies": {
        "bufio": {
          "version": "1.0.1",
          "resolved": "https://registry.npmjs.org/bufio/-/bufio-1.0.1.tgz",
          "integrity": "sha512-yPe6AIUmbRCSXNrg6tBXc7E3FDnkcwLH2I8/G50bgfsUNVldFM7v42lsO1K8UPlcfTYm/GwRuEXsdSxX4L8lvA=="
        }
      }
    },
    "bheep": {
      "version": "0.1.1",
      "resolved": "https://registry.npmjs.org/bheep/-/bheep-0.1.1.tgz",
      "integrity": "sha512-kDgcu6BXj/6XsCc+fjjo9ViRETdkQqt0FYxQR+ZqQ4edbWE6x8o51k/BwzqkXWPHrsB2/qLjsgnnMPezJvSnpw==",
      "requires": {
        "bsert": "~0.0.3"
      }
    },
    "bindings": {
      "version": "1.3.0",
      "resolved": "https://registry.npmjs.org/bindings/-/bindings-1.3.0.tgz",
      "integrity": "sha512-DpLh5EzMR2kzvX1KIlVC0VkC3iZtHKTgdtZ0a3pglBZdaQFjt5S9g9xd1lE+YvXyfd6mtCeRnrUfOLYiTMlNSw=="
    },
    "binet": {
      "version": "0.3.1",
      "resolved": "https://registry.npmjs.org/binet/-/binet-0.3.1.tgz",
      "integrity": "sha512-4ZCsooGoTYG6BwikD1bjXStzhR5wZnc16CA13cm6ot3jsN3Ridrj7G02sL2yzXTegXILIZy25Au+RHqC8F/jzQ==",
      "requires": {
        "bs32": "~0.1.1",
        "bsert": "~0.0.3"
      }
    },
    "bip66": {
      "version": "1.1.5",
      "resolved": "https://registry.npmjs.org/bip66/-/bip66-1.1.5.tgz",
      "integrity": "sha1-AfqHSHhcpwlV1QESF9GzE5lpyiI=",
      "requires": {
        "safe-buffer": "^5.0.1"
      }
    },
    "bl": {
      "version": "1.2.2",
      "resolved": "https://registry.npmjs.org/bl/-/bl-1.2.2.tgz",
      "integrity": "sha512-e8tQYnZodmebYDWGH7KMRvtzKXaJHx3BbilrgZCfvyLUYdKpK1t5PSPmpkny/SgiTSCnjfLW7v5rlONXVFkQEA==",
      "requires": {
        "readable-stream": "^2.3.5",
        "safe-buffer": "^5.1.1"
      }
    },
    "bledger": {
      "version": "0.1.1",
      "resolved": "https://registry.npmjs.org/bledger/-/bledger-0.1.1.tgz",
      "integrity": "sha512-sfvhUzCdiA7fQG+FCz2IInNQTZK1r0cv3lb5pzkKflTlx/2jIViB2kpdpq0x06B+fmRFxtsIYNc1M3o/EtlFig==",
      "requires": {
        "bcrypto": "0.3.6",
        "blgr": "^0.1.0",
        "bmutex": "0.1.0",
        "bufio": "0.2.0",
        "node-hid": "^0.7.3",
        "u2f-api": "^1.0.6"
      }
    },
    "blgr": {
      "version": "0.1.1",
      "resolved": "https://registry.npmjs.org/blgr/-/blgr-0.1.1.tgz",
      "integrity": "sha512-paJmBPpsYYllidj7UvFvkrwtr2j6YLo7tmk0J885iY4Zw0ZFquV+OVtjDTpTOdeSFJefdi5URGrzOkrFm4M8QQ==",
      "requires": {
        "bsert": "~0.0.3"
      }
    },
    "blru": {
      "version": "0.1.2",
      "resolved": "https://registry.npmjs.org/blru/-/blru-0.1.2.tgz",
      "integrity": "sha512-S3rvHlFMFYOZT+1gQct44FLIeNjf51RZBUWunuMXb7GDREtI98m6MxBVjdfxYKrdIX5YI8gY4FrVLCq59oQeXQ==",
      "requires": {
        "bsert": "~0.0.3"
      }
    },
    "blst": {
      "version": "0.1.1",
      "resolved": "https://registry.npmjs.org/blst/-/blst-0.1.1.tgz",
      "integrity": "sha512-avNp9dO3fXFObDYqh8rY12uUenbLLZaySKIKI32Mlq1czTw7Szah9nzQsMh5ejmkBsR3FjUyuWczGzi4o8BVdQ==",
      "requires": {
        "bsert": "~0.0.3"
      }
    },
    "bmutex": {
      "version": "0.1.0",
      "resolved": "https://registry.npmjs.org/bmutex/-/bmutex-0.1.0.tgz",
      "integrity": "sha512-+r07Av637kDB5jU9Nexa0S8OxT0A8V/X9HOIMYAXxUJaDaDC7uwWwTaPR/DzlFlO6XtJ7hOcwXK1gasT5E+79g=="
    },
    "bn.js": {
      "version": "4.11.8",
      "resolved": "https://registry.npmjs.org/bn.js/-/bn.js-4.11.8.tgz",
      "integrity": "sha512-ItfYfPLkWHUjckQCk8xC+LwxgK8NYcXywGigJgSwOP8Y2iyWT4f2vsZnoOXTTbo+o5yXmIUJ4gn5538SO5S3gA=="
    },
    "bns": {
      "version": "0.3.0",
      "resolved": "https://registry.npmjs.org/bns/-/bns-0.3.0.tgz",
      "integrity": "sha512-mwpC5CoL2n0RaYVxDEVqjE1mt/UJqDkltj24N+lfejamdCzbU23oI3q8iCHSAyJrNMnV6XzFparQmYqNvvcvEg==",
      "requires": {
        "bcrypto": "~1.1.0",
        "bfile": "~0.1.1",
        "bheep": "~0.1.1",
        "binet": "~0.3.1",
        "bs32": "~0.1.1",
        "bsert": "~0.0.4",
        "btcp": "~0.1.1",
        "budp": "~0.1.1",
        "bufio": "~1.0.1",
        "unbound": "~0.1.0"
      },
      "dependencies": {
        "bcrypto": {
          "version": "1.1.0",
          "resolved": "https://registry.npmjs.org/bcrypto/-/bcrypto-1.1.0.tgz",
          "integrity": "sha512-XOXwwnqnhH+9ASVHUtBP/tfzszHZ+TD5DMkER27OwF3wBUS8Rg/tnmfXRQ/h5hsrl5qPiTVtjsD6LjFvzgAIgw==",
          "requires": {
            "bindings": "~1.3.0",
            "bsert": "~0.0.4",
            "bufio": "~1.0.1",
            "nan": "~2.10.0"
          }
        },
        "bufio": {
          "version": "1.0.1",
          "resolved": "https://registry.npmjs.org/bufio/-/bufio-1.0.1.tgz",
          "integrity": "sha512-yPe6AIUmbRCSXNrg6tBXc7E3FDnkcwLH2I8/G50bgfsUNVldFM7v42lsO1K8UPlcfTYm/GwRuEXsdSxX4L8lvA=="
        }
      }
    },
    "brorand": {
      "version": "1.1.0",
      "resolved": "https://registry.npmjs.org/brorand/-/brorand-1.1.0.tgz",
      "integrity": "sha1-EsJe/kCkXjwyPrhnWgoM5XsiNx8="
    },
    "browserify-aes": {
      "version": "1.2.0",
      "resolved": "https://registry.npmjs.org/browserify-aes/-/browserify-aes-1.2.0.tgz",
      "integrity": "sha512-+7CHXqGuspUn/Sl5aO7Ea0xWGAtETPXNSAjHo48JfLdPWcMng33Xe4znFvQweqc/uzk5zSOI3H52CYnjCfb5hA==",
      "requires": {
        "buffer-xor": "^1.0.3",
        "cipher-base": "^1.0.0",
        "create-hash": "^1.1.0",
        "evp_bytestokey": "^1.0.3",
        "inherits": "^2.0.1",
        "safe-buffer": "^5.0.1"
      }
    },
    "brq": {
      "version": "0.1.2",
      "resolved": "https://registry.npmjs.org/brq/-/brq-0.1.2.tgz",
      "integrity": "sha512-YE+G82KUl6HWScDfS3gGCxqGv4CsL+LI3K8oKtzZQVjvGu+LqgbRboT+6dCgXhaWRTTZXCaAsRdzK2tCemdcyw==",
      "requires": {
        "bsert": "~0.0.3"
      }
    },
    "bs32": {
      "version": "0.1.1",
      "resolved": "https://registry.npmjs.org/bs32/-/bs32-0.1.1.tgz",
      "integrity": "sha512-mvHV7pk3ub6jLKpztr2+KMcx4uR2L/9rl5x0BKBgXBmImeILjkTeEjG1ts4gZ302qW/z7mxDf07W9sPovjlHtA==",
      "requires": {
        "bsert": "~0.0.3"
      }
    },
    "bsert": {
      "version": "0.0.4",
      "resolved": "https://registry.npmjs.org/bsert/-/bsert-0.0.4.tgz",
      "integrity": "sha512-VReLe1aTaHRmf80YLOHUk8ONQ48SjseZP76GlNIDheD5REYByn/Mm9yrtI0/ZCaFrcfxzgpiw1/hMMCUOSMa3w=="
    },
    "bsip": {
      "version": "0.1.1",
      "resolved": "https://registry.npmjs.org/bsip/-/bsip-0.1.1.tgz",
      "integrity": "sha512-LQdhDedZQuwezVneaojtV7CPJSiDUsVvB+HVIG9BmMi9cEtPC1MKKtRMLNm1HEaXauhc3fTdfCjXnBmPkOcTng==",
      "requires": {
        "bindings": "~1.3.0",
        "bsert": "~0.0.3",
        "nan": "~2.10.0"
      }
    },
    "bsock": {
      "version": "0.1.2",
      "resolved": "https://registry.npmjs.org/bsock/-/bsock-0.1.2.tgz",
      "integrity": "sha512-fWPIARHCdK76+cFdbEf46pBYCBtkXMDux4l1/T0AVmZNd7Z8jBlgTJnHZUm8KZ+wV287BSoX8lY1VcqvHjW8Dg==",
      "requires": {
        "bsert": "~0.0.3"
      }
    },
    "bsocks": {
      "version": "0.2.1",
      "resolved": "https://registry.npmjs.org/bsocks/-/bsocks-0.2.1.tgz",
      "integrity": "sha512-RSoJL6j7C1bw9IHaxiKhEj2iga1TRNyW9EiMpDhfunbMM9xvP5xJ+oVmOCJLE+JEDRdWNESAgOeNZnn3q9fGdg==",
      "requires": {
        "binet": "~0.3.1",
        "bsert": "~0.0.3"
      }
    },
    "bstring": {
      "version": "0.2.0",
      "resolved": "https://registry.npmjs.org/bstring/-/bstring-0.2.0.tgz",
      "integrity": "sha512-lgmjJyuBT0wozjBU+aSYf9vvK5XtH2MxZDbMPqbNVl9n2QlloRg8cIh7QaDyUWZmCG9LhglWbsMU8gupPEhCCA==",
      "requires": {
        "bindings": "~1.3.0",
        "bsert": "~0.0.4",
        "n64": "~0.2.1",
        "nan": "~2.10.0"
      }
    },
    "btcp": {
      "version": "0.1.1",
      "resolved": "https://registry.npmjs.org/btcp/-/btcp-0.1.1.tgz",
      "integrity": "sha512-EwqraaSVjrMYSuSchJ0t2gdeA/4BGgKu+tFVJpTpc4pjzrlu9O6kc3NNffSyIzoxd7jToRdrsT3TorA03a/qwQ=="
    },
    "budp": {
      "version": "0.1.1",
      "resolved": "https://registry.npmjs.org/budp/-/budp-0.1.1.tgz",
      "integrity": "sha512-qA+GZLvrD5CWKeprRjbOuQ5THn4v5wFdWlnuh17a5QK2BeDhU0Xthj1edS1yqpCIw/81cH/H8sq4injy8BJHZQ=="
    },
    "buffer-alloc": {
      "version": "1.2.0",
      "resolved": "https://registry.npmjs.org/buffer-alloc/-/buffer-alloc-1.2.0.tgz",
      "integrity": "sha512-CFsHQgjtW1UChdXgbyJGtnm+O/uLQeZdtbDo8mfUgYXCHSM1wgrVxXm6bSyrUuErEb+4sYVGCzASBRot7zyrow==",
      "requires": {
        "buffer-alloc-unsafe": "^1.1.0",
        "buffer-fill": "^1.0.0"
      }
    },
    "buffer-alloc-unsafe": {
      "version": "1.1.0",
      "resolved": "https://registry.npmjs.org/buffer-alloc-unsafe/-/buffer-alloc-unsafe-1.1.0.tgz",
      "integrity": "sha512-TEM2iMIEQdJ2yjPJoSIsldnleVaAk1oW3DBVUykyOLsEsFmEc9kn+SFFPz+gl54KQNxlDnAwCXosOS9Okx2xAg=="
    },
    "buffer-fill": {
      "version": "1.0.0",
      "resolved": "https://registry.npmjs.org/buffer-fill/-/buffer-fill-1.0.0.tgz",
      "integrity": "sha1-+PeLdniYiO858gXNY39o5wISKyw="
    },
    "buffer-map": {
      "version": "0.0.2",
      "resolved": "https://registry.npmjs.org/buffer-map/-/buffer-map-0.0.2.tgz",
      "integrity": "sha512-7JXyu5/Y9uTodU0EDHHvSFmzNLecRbW9VNQF7YpAOU1Y0kcOYmXCVv26/UMhDH1M9qROeeYmAU8HQn8Cmc3KRw=="
    },
    "buffer-xor": {
      "version": "1.0.3",
      "resolved": "https://registry.npmjs.org/buffer-xor/-/buffer-xor-1.0.3.tgz",
      "integrity": "sha1-JuYe0UIvtw3ULm42cp7VHYVf6Nk="
    },
    "bufio": {
      "version": "0.2.0",
      "resolved": "https://registry.npmjs.org/bufio/-/bufio-0.2.0.tgz",
      "integrity": "sha512-PjL1QglhgZCWEKWbxzlVB4ExvNorHMu0JSu4ehzeKi38R74Fp7duHAl8xNEqsbJXP5Dfym7XuSEkVol1KX5mhw=="
    },
    "bupnp": {
      "version": "0.2.2",
      "resolved": "https://registry.npmjs.org/bupnp/-/bupnp-0.2.2.tgz",
      "integrity": "sha512-VauG03WYuZqqP+n/4gf/ItoZPgmSR76whDRFvAYvzsQzotTs3NfIKa7GGlykjAmvOPuuXqa2yVPNGV8dS+MomA==",
      "requires": {
        "binet": "~0.3.1",
        "brq": "~0.1.2",
        "bsert": "~0.0.3"
      }
    },
    "bval": {
      "version": "0.1.2",
      "resolved": "https://registry.npmjs.org/bval/-/bval-0.1.2.tgz",
      "integrity": "sha512-ewri8C/nc9ZHzkCMcpl6gVv9lMEvXw2CXppYIgDY0n1QKIVu8j0K1LT8F2Gm2kyqPGJI7Tp71V5bMhh4bPaZoA==",
      "requires": {
        "bsert": "~0.0.3"
      }
    },
    "bweb": {
      "version": "0.1.3",
      "resolved": "https://registry.npmjs.org/bweb/-/bweb-0.1.3.tgz",
      "integrity": "sha512-xbB/Dcr4HKky4QONiLVsPlftDaH9spDhv15pXCVNqE5WmR6nHVG+b39Nd2JsYHtCBz5zzYoKrQWui00QDoYg9Q==",
      "requires": {
        "bsert": "~0.0.3",
        "bsock": "~0.1.1"
      }
    },
    "chownr": {
      "version": "1.0.1",
      "resolved": "https://registry.npmjs.org/chownr/-/chownr-1.0.1.tgz",
      "integrity": "sha1-4qdQQqlVGQi+vSW4Uj1fl2nXkYE="
    },
    "cipher-base": {
      "version": "1.0.4",
      "resolved": "https://registry.npmjs.org/cipher-base/-/cipher-base-1.0.4.tgz",
      "integrity": "sha512-Kkht5ye6ZGmwv40uUDZztayT2ThLQGfnj/T71N/XzeZeo3nf8foyW7zGTsPYkEya3m5f3cAypH+qe7YOrM1U2Q==",
      "requires": {
        "inherits": "^2.0.1",
        "safe-buffer": "^5.0.1"
      }
    },
    "code-point-at": {
      "version": "1.1.0",
      "resolved": "https://registry.npmjs.org/code-point-at/-/code-point-at-1.1.0.tgz",
      "integrity": "sha1-DQcLTQQ6W+ozovGkDi7bPZpMz3c="
    },
    "console-control-strings": {
      "version": "1.1.0",
      "resolved": "https://registry.npmjs.org/console-control-strings/-/console-control-strings-1.1.0.tgz",
      "integrity": "sha1-PXz0Rk22RG6mRL9LOVB/mFEAjo4="
    },
    "core-util-is": {
      "version": "1.0.2",
      "resolved": "https://registry.npmjs.org/core-util-is/-/core-util-is-1.0.2.tgz",
      "integrity": "sha1-tf1UIgqivFq1eqtxQMlAdUUDwac="
    },
    "create-hash": {
      "version": "1.2.0",
      "resolved": "https://registry.npmjs.org/create-hash/-/create-hash-1.2.0.tgz",
      "integrity": "sha512-z00bCGNHDG8mHAkP7CtT1qVu+bFQUPjYq/4Iv3C3kWjTFV10zIjfSoeqXo9Asws8gwSHDGj/hl2u4OGIjapeCg==",
      "requires": {
        "cipher-base": "^1.0.1",
        "inherits": "^2.0.1",
        "md5.js": "^1.3.4",
        "ripemd160": "^2.0.1",
        "sha.js": "^2.4.0"
      }
    },
    "create-hmac": {
      "version": "1.1.7",
      "resolved": "https://registry.npmjs.org/create-hmac/-/create-hmac-1.1.7.tgz",
      "integrity": "sha512-MJG9liiZ+ogc4TzUwuvbER1JRdgvUFSB5+VR/g5h82fGaIRWMWddtKBHi7/sVhfjQZ6SehlyhvQYrcYkaUIpLg==",
      "requires": {
        "cipher-base": "^1.0.3",
        "create-hash": "^1.1.0",
        "inherits": "^2.0.1",
        "ripemd160": "^2.0.0",
        "safe-buffer": "^5.0.1",
        "sha.js": "^2.4.8"
      }
    },
    "decompress-response": {
      "version": "3.3.0",
      "resolved": "https://registry.npmjs.org/decompress-response/-/decompress-response-3.3.0.tgz",
      "integrity": "sha1-gKTdMjdIOEv6JICDYirt7Jgq3/M=",
      "requires": {
        "mimic-response": "^1.0.0"
      }
    },
    "deep-extend": {
      "version": "0.6.0",
      "resolved": "https://registry.npmjs.org/deep-extend/-/deep-extend-0.6.0.tgz",
      "integrity": "sha512-LOHxIOaPYdHlJRtCQfDIVZtfw/ufM8+rVj649RIHzcm/vGwQRXFt6OPqIFWsm2XEMrNIEtWR64sY1LEKD2vAOA=="
    },
    "delegates": {
      "version": "1.0.0",
      "resolved": "https://registry.npmjs.org/delegates/-/delegates-1.0.0.tgz",
      "integrity": "sha1-hMbhWbgZBP3KWaDvRM2HDTElD5o="
    },
    "detect-libc": {
      "version": "1.0.3",
      "resolved": "https://registry.npmjs.org/detect-libc/-/detect-libc-1.0.3.tgz",
      "integrity": "sha1-+hN8S9aY7fVc1c0CrFWfkaTEups="
    },
    "drbg.js": {
      "version": "1.0.1",
      "resolved": "https://registry.npmjs.org/drbg.js/-/drbg.js-1.0.1.tgz",
      "integrity": "sha1-Pja2xCs3BDgjzbwzLVjzHiRFSAs=",
      "requires": {
        "browserify-aes": "^1.0.6",
        "create-hash": "^1.1.2",
        "create-hmac": "^1.1.4"
      }
    },
    "elliptic": {
      "version": "6.4.1",
      "resolved": "https://registry.npmjs.org/elliptic/-/elliptic-6.4.1.tgz",
      "integrity": "sha512-BsXLz5sqX8OHcsh7CqBMztyXARmGQ3LWPtGjJi6DiJHq5C/qvi9P3OqgswKSDftbu8+IoI/QDTAm2fFnQ9SZSQ==",
      "requires": {
        "bn.js": "^4.4.0",
        "brorand": "^1.0.1",
        "hash.js": "^1.0.0",
        "hmac-drbg": "^1.0.0",
        "inherits": "^2.0.1",
        "minimalistic-assert": "^1.0.0",
        "minimalistic-crypto-utils": "^1.0.0"
      }
    },
    "end-of-stream": {
      "version": "1.4.1",
      "resolved": "https://registry.npmjs.org/end-of-stream/-/end-of-stream-1.4.1.tgz",
      "integrity": "sha512-1MkrZNvWTKCaigbn+W15elq2BB/L22nqrSY5DKlo3X6+vclJm8Bb5djXJBmEX6fS3+zCh/F4VBK5Z2KxJt4s2Q==",
      "requires": {
        "once": "^1.4.0"
      }
    },
    "evp_bytestokey": {
      "version": "1.0.3",
      "resolved": "https://registry.npmjs.org/evp_bytestokey/-/evp_bytestokey-1.0.3.tgz",
      "integrity": "sha512-/f2Go4TognH/KvCISP7OUsHn85hT9nUkxxA9BEWxFn+Oj9o8ZNLm/40hdlgSLyuOimsrTKLUMEorQexp/aPQeA==",
      "requires": {
        "md5.js": "^1.3.4",
        "safe-buffer": "^5.1.1"
      }
    },
    "expand-template": {
      "version": "1.1.1",
      "resolved": "https://registry.npmjs.org/expand-template/-/expand-template-1.1.1.tgz",
      "integrity": "sha512-cebqLtV8KOZfw0UI8TEFWxtczxxC1jvyUvx6H4fyp1K1FN7A4Q+uggVUlOsI1K8AGU0rwOGqP8nCapdrw8CYQg=="
    },
    "fs-constants": {
      "version": "1.0.0",
      "resolved": "https://registry.npmjs.org/fs-constants/-/fs-constants-1.0.0.tgz",
      "integrity": "sha512-y6OAwoSIf7FyjMIv94u+b5rdheZEjzR63GTyZJm5qh4Bi+2YgwLCcI/fPFZkL5PSixOt6ZNKm+w+Hfp/Bciwow=="
    },
    "gauge": {
      "version": "2.7.4",
      "resolved": "https://registry.npmjs.org/gauge/-/gauge-2.7.4.tgz",
      "integrity": "sha1-LANAXHU4w51+s3sxcCLjJfsBi/c=",
      "requires": {
        "aproba": "^1.0.3",
        "console-control-strings": "^1.0.0",
        "has-unicode": "^2.0.0",
        "object-assign": "^4.1.0",
        "signal-exit": "^3.0.0",
        "string-width": "^1.0.1",
        "strip-ansi": "^3.0.1",
        "wide-align": "^1.1.0"
      }
    },
    "github-from-package": {
      "version": "0.0.0",
      "resolved": "https://registry.npmjs.org/github-from-package/-/github-from-package-0.0.0.tgz",
      "integrity": "sha1-l/tdlr/eiXMxPyDoKI75oWf6ZM4="
    },
    "has-unicode": {
      "version": "2.0.1",
      "resolved": "https://registry.npmjs.org/has-unicode/-/has-unicode-2.0.1.tgz",
      "integrity": "sha1-4Ob+aijPUROIVeCG0Wkedx3iqLk="
    },
    "hash-base": {
      "version": "3.0.4",
      "resolved": "https://registry.npmjs.org/hash-base/-/hash-base-3.0.4.tgz",
      "integrity": "sha1-X8hoaEfs1zSZQDMZprCj8/auSRg=",
      "requires": {
        "inherits": "^2.0.1",
        "safe-buffer": "^5.0.1"
      }
    },
    "hash.js": {
      "version": "1.1.5",
      "resolved": "https://registry.npmjs.org/hash.js/-/hash.js-1.1.5.tgz",
      "integrity": "sha512-eWI5HG9Np+eHV1KQhisXWwM+4EPPYe5dFX1UZZH7k/E3JzDEazVH+VGlZi6R94ZqImq+A3D1mCEtrFIfg/E7sA==",
      "requires": {
        "inherits": "^2.0.3",
        "minimalistic-assert": "^1.0.1"
      }
    },
    "hmac-drbg": {
      "version": "1.0.1",
      "resolved": "https://registry.npmjs.org/hmac-drbg/-/hmac-drbg-1.0.1.tgz",
      "integrity": "sha1-0nRXAQJabHdabFRXk+1QL8DGSaE=",
      "requires": {
        "hash.js": "^1.0.3",
        "minimalistic-assert": "^1.0.0",
        "minimalistic-crypto-utils": "^1.0.1"
      }
    },
    "hs-client": {
      "version": "0.0.2",
      "resolved": "https://registry.npmjs.org/hs-client/-/hs-client-0.0.2.tgz",
      "integrity": "sha512-SjDRqoeeoErbZGuFArL/AGQlIC67Y/Jik3Wxd6voB3fysT6u6ZfXVDYVJIitTKET5aCLVqXximNIoFYYZ83TDQ==",
      "requires": {
        "bcfg": "~0.1.2",
        "bcurl": "~0.1.2",
        "bsert": "~0.0.4"
      }
    },
    "hsd": {
      "version": "github:handshake-org/hsd#a5c0a43cdec95b7ba75fbee85e807ae20523cc57",
      "from": "github:handshake-org/hsd#master",
      "requires": {
        "bcfg": "~0.1.2",
        "bcrypto": "~1.1.0",
        "bcuckoo": "~0.5.0",
        "bdb": "~1.1.0",
        "bdns": "~0.1.1",
        "bevent": "~0.1.1",
        "bfile": "~0.1.1",
        "bfilter": "~1.0.0",
        "bheep": "~0.1.1",
        "binet": "~0.3.1",
        "blgr": "~0.1.1",
        "blru": "~0.1.2",
        "blst": "~0.1.1",
        "bmutex": "~0.1.2",
        "bns": "~0.3.0",
        "bs32": "~0.1.1",
        "bsert": "~0.0.4",
        "bsip": "~0.1.1",
        "bsock": "~0.1.2",
        "bsocks": "~0.2.1",
        "bstring": "~0.2.0",
        "btcp": "~0.1.1",
        "buffer-map": "~0.0.2",
        "bufio": "~1.0.1",
        "bupnp": "~0.2.2",
        "bval": "~0.1.2",
        "bweb": "~0.1.3",
        "hs-client": "~0.0.2",
        "mrmr": "~0.1.1",
        "n64": "~0.2.1",
        "urkel": "~0.5.1"
      },
      "dependencies": {
        "bcrypto": {
          "version": "1.1.0",
          "resolved": "https://registry.npmjs.org/bcrypto/-/bcrypto-1.1.0.tgz",
          "integrity": "sha512-XOXwwnqnhH+9ASVHUtBP/tfzszHZ+TD5DMkER27OwF3wBUS8Rg/tnmfXRQ/h5hsrl5qPiTVtjsD6LjFvzgAIgw==",
          "requires": {
            "bindings": "~1.3.0",
            "bsert": "~0.0.4",
            "bufio": "~1.0.1",
            "nan": "~2.10.0"
          }
        },
        "bmutex": {
          "version": "0.1.2",
          "resolved": "https://registry.npmjs.org/bmutex/-/bmutex-0.1.2.tgz",
          "integrity": "sha512-H5mZOJQgtK2SMPStn0Zgo+Z/5jf71ZPSblcsepqf4MGa9SrJRsL6jF4jWLlgayGtq6DCAfRuHokZC+WRoHn+AA==",
          "requires": {
            "bsert": "~0.0.3"
          }
        },
        "bufio": {
          "version": "1.0.1",
          "resolved": "https://registry.npmjs.org/bufio/-/bufio-1.0.1.tgz",
          "integrity": "sha512-yPe6AIUmbRCSXNrg6tBXc7E3FDnkcwLH2I8/G50bgfsUNVldFM7v42lsO1K8UPlcfTYm/GwRuEXsdSxX4L8lvA=="
        }
      }
    },
    "inherits": {
      "version": "2.0.3",
      "resolved": "https://registry.npmjs.org/inherits/-/inherits-2.0.3.tgz",
      "integrity": "sha1-Yzwsg+PaQqUC9SRmAiSA9CCCYd4="
    },
    "ini": {
      "version": "1.3.5",
      "resolved": "https://registry.npmjs.org/ini/-/ini-1.3.5.tgz",
      "integrity": "sha512-RZY5huIKCMRWDUqZlEi72f/lmXKMvuszcMBduliQ3nnWbx9X/ZBQO7DijMEYS9EhHBb2qacRUMtC7svLwe0lcw=="
    },
    "is-fullwidth-code-point": {
      "version": "1.0.0",
      "resolved": "https://registry.npmjs.org/is-fullwidth-code-point/-/is-fullwidth-code-point-1.0.0.tgz",
      "integrity": "sha1-754xOG8DGn8NZDr4L95QxFfvAMs=",
      "requires": {
        "number-is-nan": "^1.0.0"
      }
    },
    "isarray": {
      "version": "1.0.0",
      "resolved": "https://registry.npmjs.org/isarray/-/isarray-1.0.0.tgz",
      "integrity": "sha1-u5NdSFgsuhaMBoNJV6VKPgcSTxE="
    },
    "md5.js": {
      "version": "1.3.4",
      "resolved": "https://registry.npmjs.org/md5.js/-/md5.js-1.3.4.tgz",
      "integrity": "sha1-6b296UogpawYsENA/Fdk1bCdkB0=",
      "requires": {
        "hash-base": "^3.0.0",
        "inherits": "^2.0.1"
      }
    },
    "mimic-response": {
      "version": "1.0.1",
      "resolved": "https://registry.npmjs.org/mimic-response/-/mimic-response-1.0.1.tgz",
      "integrity": "sha512-j5EctnkH7amfV/q5Hgmoal1g2QHFJRraOtmx0JpIqkxhBhI/lJSl1nMpQ45hVarwNETOoWEimndZ4QK0RHxuxQ=="
    },
    "minimalistic-assert": {
      "version": "1.0.1",
      "resolved": "https://registry.npmjs.org/minimalistic-assert/-/minimalistic-assert-1.0.1.tgz",
      "integrity": "sha512-UtJcAD4yEaGtjPezWuO9wC4nwUnVH/8/Im3yEHQP4b67cXlD/Qr9hdITCU1xDbSEXg2XKNaP8jsReV7vQd00/A=="
    },
    "minimalistic-crypto-utils": {
      "version": "1.0.1",
      "resolved": "https://registry.npmjs.org/minimalistic-crypto-utils/-/minimalistic-crypto-utils-1.0.1.tgz",
      "integrity": "sha1-9sAMHAsIIkblxNmd+4x8CDsrWCo="
    },
    "minimist": {
      "version": "1.2.0",
      "resolved": "https://registry.npmjs.org/minimist/-/minimist-1.2.0.tgz",
      "integrity": "sha1-o1AIsg9BOD7sH7kU9M1d95omQoQ="
    },
    "mkdirp": {
      "version": "0.5.1",
      "resolved": "https://registry.npmjs.org/mkdirp/-/mkdirp-0.5.1.tgz",
      "integrity": "sha1-MAV0OOrGz3+MR2fzhkjWaX11yQM=",
      "requires": {
        "minimist": "0.0.8"
      },
      "dependencies": {
        "minimist": {
          "version": "0.0.8",
          "resolved": "https://registry.npmjs.org/minimist/-/minimist-0.0.8.tgz",
          "integrity": "sha1-hX/Kv8M5fSYluCKCYuhqp6ARsF0="
        }
      }
    },
    "mrmr": {
      "version": "0.1.1",
      "resolved": "https://registry.npmjs.org/mrmr/-/mrmr-0.1.1.tgz",
      "integrity": "sha512-2nJ8KlBZiFsj629GsqSBfx/ILWpL3+Kam8eMBn/YL84lvPUuAG0SNvtaGr8Z7T19wKOYnJAV5N+MCEXVgguxtQ==",
      "requires": {
        "bindings": "~1.3.0",
        "bsert": "~0.0.3",
        "nan": "~2.10.0"
      }
    },
    "n64": {
      "version": "0.2.1",
      "resolved": "https://registry.npmjs.org/n64/-/n64-0.2.1.tgz",
      "integrity": "sha512-rs7dj53A2qK/bk4gQnBAp3DYwtyHKs5y2tbuQkgM4mDwGBI7fPJBbfBaXaNOpbVtnru2Aw++qVCNDYJ3XAuc7A=="
    },
    "nan": {
      "version": "2.10.0",
      "resolved": "https://registry.npmjs.org/nan/-/nan-2.10.0.tgz",
      "integrity": "sha512-bAdJv7fBLhWC+/Bls0Oza+mvTaNQtP+1RyhhhvD95pgUJz6XM5IzgmxOkItJ9tkoCiplvAnXI1tNmmUD/eScyA=="
    },
    "node-abi": {
      "version": "2.4.3",
      "resolved": "https://registry.npmjs.org/node-abi/-/node-abi-2.4.3.tgz",
      "integrity": "sha512-b656V5C0628gOOA2kwcpNA/bxdlqYF9FvxJ+qqVX0ctdXNVZpS8J6xEUYir3WAKc7U0BH/NRlSpNbGsy+azjeg==",
      "requires": {
        "semver": "^5.4.1"
      }
    },
    "node-hid": {
      "version": "0.7.3",
      "resolved": "https://registry.npmjs.org/node-hid/-/node-hid-0.7.3.tgz",
      "integrity": "sha512-LOCqWqcOlng+Kn1Qj/54zrPVfCagg1O7RlSgMmugykBcoYvUud6BswTrJM2aXuBac+bCCm3lA2srRG8YfmyXZQ==",
      "requires": {
        "bindings": "^1.3.0",
        "nan": "^2.10.0",
        "prebuild-install": "^4.0.0"
      }
    },
    "noop-logger": {
      "version": "0.1.1",
      "resolved": "https://registry.npmjs.org/noop-logger/-/noop-logger-0.1.1.tgz",
      "integrity": "sha1-lKKxYzxPExdVMAfYlm/Q6EG2pMI="
    },
    "npmlog": {
      "version": "4.1.2",
      "resolved": "https://registry.npmjs.org/npmlog/-/npmlog-4.1.2.tgz",
      "integrity": "sha512-2uUqazuKlTaSI/dC8AzicUck7+IrEaOnN/e0jd3Xtt1KcGpwx30v50mL7oPyr/h9bL3E4aZccVwpwP+5W9Vjkg==",
      "requires": {
        "are-we-there-yet": "~1.1.2",
        "console-control-strings": "~1.1.0",
        "gauge": "~2.7.3",
        "set-blocking": "~2.0.0"
      }
    },
    "number-is-nan": {
      "version": "1.0.1",
      "resolved": "https://registry.npmjs.org/number-is-nan/-/number-is-nan-1.0.1.tgz",
      "integrity": "sha1-CXtgK1NCKlIsGvuHkDGDNpQaAR0="
    },
    "object-assign": {
      "version": "4.1.1",
      "resolved": "https://registry.npmjs.org/object-assign/-/object-assign-4.1.1.tgz",
      "integrity": "sha1-IQmtx5ZYh8/AXLvUQsrIv7s2CGM="
    },
    "once": {
      "version": "1.4.0",
      "resolved": "https://registry.npmjs.org/once/-/once-1.4.0.tgz",
      "integrity": "sha1-WDsap3WWHUsROsF9nFC6753Xa9E=",
      "requires": {
        "wrappy": "1"
      }
    },
    "os-homedir": {
      "version": "1.0.2",
      "resolved": "https://registry.npmjs.org/os-homedir/-/os-homedir-1.0.2.tgz",
      "integrity": "sha1-/7xJiDNuDoM94MFox+8VISGqf7M="
    },
    "prebuild-install": {
      "version": "4.0.0",
      "resolved": "https://registry.npmjs.org/prebuild-install/-/prebuild-install-4.0.0.tgz",
      "integrity": "sha512-7tayxeYboJX0RbVzdnKyGl2vhQRWr6qfClEXDhOkXjuaOKCw2q8aiuFhONRYVsG/czia7KhpykIlI2S2VaPunA==",
      "requires": {
        "detect-libc": "^1.0.3",
        "expand-template": "^1.0.2",
        "github-from-package": "0.0.0",
        "minimist": "^1.2.0",
        "mkdirp": "^0.5.1",
        "node-abi": "^2.2.0",
        "noop-logger": "^0.1.1",
        "npmlog": "^4.0.1",
        "os-homedir": "^1.0.1",
        "pump": "^2.0.1",
        "rc": "^1.1.6",
        "simple-get": "^2.7.0",
        "tar-fs": "^1.13.0",
        "tunnel-agent": "^0.6.0",
        "which-pm-runs": "^1.0.0"
      }
    },
    "process-nextick-args": {
      "version": "2.0.0",
      "resolved": "https://registry.npmjs.org/process-nextick-args/-/process-nextick-args-2.0.0.tgz",
      "integrity": "sha512-MtEC1TqN0EU5nephaJ4rAtThHtC86dNN9qCuEhtshvpVBkAW5ZO7BASN9REnF9eoXGcRub+pFuKEpOHE+HbEMw=="
    },
    "pump": {
      "version": "2.0.1",
      "resolved": "https://registry.npmjs.org/pump/-/pump-2.0.1.tgz",
      "integrity": "sha512-ruPMNRkN3MHP1cWJc9OWr+T/xDP0jhXYCLfJcBuX54hhfIBnaQmAUMfDcG4DM5UMWByBbJY69QSphm3jtDKIkA==",
      "requires": {
        "end-of-stream": "^1.1.0",
        "once": "^1.3.1"
      }
    },
    "rc": {
      "version": "1.2.8",
      "resolved": "https://registry.npmjs.org/rc/-/rc-1.2.8.tgz",
      "integrity": "sha512-y3bGgqKj3QBdxLbLkomlohkvsA8gdAiUQlSBJnBhfn+BPxg4bc62d8TcBW15wavDfgexCgccckhcZvywyQYPOw==",
      "requires": {
        "deep-extend": "^0.6.0",
        "ini": "~1.3.0",
        "minimist": "^1.2.0",
        "strip-json-comments": "~2.0.1"
      }
    },
    "readable-stream": {
      "version": "2.3.6",
      "resolved": "https://registry.npmjs.org/readable-stream/-/readable-stream-2.3.6.tgz",
      "integrity": "sha512-tQtKA9WIAhBF3+VLAseyMqZeBjW0AHJoxOtYqSUZNJxauErmLbVm2FW1y+J/YA9dUrAC39ITejlZWhVIwawkKw==",
      "requires": {
        "core-util-is": "~1.0.0",
        "inherits": "~2.0.3",
        "isarray": "~1.0.0",
        "process-nextick-args": "~2.0.0",
        "safe-buffer": "~5.1.1",
        "string_decoder": "~1.1.1",
        "util-deprecate": "~1.0.1"
      }
    },
    "ripemd160": {
      "version": "2.0.2",
      "resolved": "https://registry.npmjs.org/ripemd160/-/ripemd160-2.0.2.tgz",
      "integrity": "sha512-ii4iagi25WusVoiC4B4lq7pbXfAp3D9v5CwfkY33vffw2+pkDjY1D8GaN7spsxvCSx8dkPqOZCEZyfxcmJG2IA==",
      "requires": {
        "hash-base": "^3.0.0",
        "inherits": "^2.0.1"
      }
    },
    "safe-buffer": {
      "version": "5.1.2",
      "resolved": "https://registry.npmjs.org/safe-buffer/-/safe-buffer-5.1.2.tgz",
      "integrity": "sha512-Gd2UZBJDkXlY7GbJxfsE8/nvKkUEU1G38c1siN6QP6a9PT9MmHB8GnpscSmMJSoF8LOIrt8ud/wPtojys4G6+g=="
    },
    "secp256k1": {
      "version": "3.5.0",
      "resolved": "https://registry.npmjs.org/secp256k1/-/secp256k1-3.5.0.tgz",
      "integrity": "sha512-e5QIJl8W7Y4tT6LHffVcZAxJjvpgE5Owawv6/XCYPQljE9aP2NFFddQ8OYMKhdLshNu88FfL3qCN3/xYkXGRsA==",
      "requires": {
        "bindings": "^1.2.1",
        "bip66": "^1.1.3",
        "bn.js": "^4.11.3",
        "create-hash": "^1.1.2",
        "drbg.js": "^1.0.1",
        "elliptic": "^6.2.3",
        "nan": "^2.2.1",
        "safe-buffer": "^5.1.0"
      }
    },
    "semver": {
      "version": "5.5.1",
      "resolved": "https://registry.npmjs.org/semver/-/semver-5.5.1.tgz",
      "integrity": "sha512-PqpAxfrEhlSUWge8dwIp4tZnQ25DIOthpiaHNIthsjEFQD6EvqUKUDM7L8O2rShkFccYo1VjJR0coWfNkCubRw=="
    },
    "set-blocking": {
      "version": "2.0.0",
      "resolved": "https://registry.npmjs.org/set-blocking/-/set-blocking-2.0.0.tgz",
      "integrity": "sha1-BF+XgtARrppoA93TgrJDkrPYkPc="
    },
    "sha.js": {
      "version": "2.4.11",
      "resolved": "https://registry.npmjs.org/sha.js/-/sha.js-2.4.11.tgz",
      "integrity": "sha512-QMEp5B7cftE7APOjk5Y6xgrbWu+WkLVQwk8JNjZ8nKRciZaByEW6MubieAiToS7+dwvrjGhH8jRXz3MVd0AYqQ==",
      "requires": {
        "inherits": "^2.0.1",
        "safe-buffer": "^5.0.1"
      }
    },
    "signal-exit": {
      "version": "3.0.2",
      "resolved": "https://registry.npmjs.org/signal-exit/-/signal-exit-3.0.2.tgz",
      "integrity": "sha1-tf3AjxKH6hF4Yo5BXiUTK3NkbG0="
    },
    "simple-concat": {
      "version": "1.0.0",
      "resolved": "https://registry.npmjs.org/simple-concat/-/simple-concat-1.0.0.tgz",
      "integrity": "sha1-c0TLuLbib7J9ZrL8hvn21Zl1IcY="
    },
    "simple-get": {
      "version": "2.8.1",
      "resolved": "https://registry.npmjs.org/simple-get/-/simple-get-2.8.1.tgz",
      "integrity": "sha512-lSSHRSw3mQNUGPAYRqo7xy9dhKmxFXIjLjp4KHpf99GEH2VH7C3AM+Qfx6du6jhfUi6Vm7XnbEVEf7Wb6N8jRw==",
      "requires": {
        "decompress-response": "^3.3.0",
        "once": "^1.3.1",
        "simple-concat": "^1.0.0"
      }
    },
    "string-width": {
      "version": "1.0.2",
      "resolved": "https://registry.npmjs.org/string-width/-/string-width-1.0.2.tgz",
      "integrity": "sha1-EYvfW4zcUaKn5w0hHgfisLmxB9M=",
      "requires": {
        "code-point-at": "^1.0.0",
        "is-fullwidth-code-point": "^1.0.0",
        "strip-ansi": "^3.0.0"
      }
    },
    "string_decoder": {
      "version": "1.1.1",
      "resolved": "https://registry.npmjs.org/string_decoder/-/string_decoder-1.1.1.tgz",
      "integrity": "sha512-n/ShnvDi6FHbbVfviro+WojiFzv+s8MPMHBczVePfUpDJLwoLT0ht1l4YwBCbi8pJAveEEdnkHyPyTP/mzRfwg==",
      "requires": {
        "safe-buffer": "~5.1.0"
      }
    },
    "strip-ansi": {
      "version": "3.0.1",
      "resolved": "https://registry.npmjs.org/strip-ansi/-/strip-ansi-3.0.1.tgz",
      "integrity": "sha1-ajhfuIU9lS1f8F0Oiq+UJ43GPc8=",
      "requires": {
        "ansi-regex": "^2.0.0"
      }
    },
    "strip-json-comments": {
      "version": "2.0.1",
      "resolved": "https://registry.npmjs.org/strip-json-comments/-/strip-json-comments-2.0.1.tgz",
      "integrity": "sha1-PFMZQukIwml8DsNEhYwobHygpgo="
    },
    "tar-fs": {
      "version": "1.16.3",
      "resolved": "https://registry.npmjs.org/tar-fs/-/tar-fs-1.16.3.tgz",
      "integrity": "sha512-NvCeXpYx7OsmOh8zIOP/ebG55zZmxLE0etfWRbWok+q2Qo8x/vOR/IJT1taADXPe+jsiu9axDb3X4B+iIgNlKw==",
      "requires": {
        "chownr": "^1.0.1",
        "mkdirp": "^0.5.1",
        "pump": "^1.0.0",
        "tar-stream": "^1.1.2"
      },
      "dependencies": {
        "pump": {
          "version": "1.0.3",
          "resolved": "https://registry.npmjs.org/pump/-/pump-1.0.3.tgz",
          "integrity": "sha512-8k0JupWme55+9tCVE+FS5ULT3K6AbgqrGa58lTT49RpyfwwcGedHqaC5LlQNdEAumn/wFsu6aPwkuPMioy8kqw==",
          "requires": {
            "end-of-stream": "^1.1.0",
            "once": "^1.3.1"
          }
        }
      }
    },
    "tar-stream": {
      "version": "1.6.1",
      "resolved": "https://registry.npmjs.org/tar-stream/-/tar-stream-1.6.1.tgz",
      "integrity": "sha512-IFLM5wp3QrJODQFPm6/to3LJZrONdBY/otxcvDIQzu217zKye6yVR3hhi9lAjrC2Z+m/j5oDxMPb1qcd8cIvpA==",
      "requires": {
        "bl": "^1.0.0",
        "buffer-alloc": "^1.1.0",
        "end-of-stream": "^1.0.0",
        "fs-constants": "^1.0.0",
        "readable-stream": "^2.3.0",
        "to-buffer": "^1.1.0",
        "xtend": "^4.0.0"
      }
    },
    "to-buffer": {
      "version": "1.1.1",
      "resolved": "https://registry.npmjs.org/to-buffer/-/to-buffer-1.1.1.tgz",
      "integrity": "sha512-lx9B5iv7msuFYE3dytT+KE5tap+rNYw+K4jVkb9R/asAb+pbBSM17jtunHplhBe6RRJdZx3Pn2Jph24O32mOVg=="
    },
    "tunnel-agent": {
      "version": "0.6.0",
      "resolved": "https://registry.npmjs.org/tunnel-agent/-/tunnel-agent-0.6.0.tgz",
      "integrity": "sha1-J6XeoGs2sEoKmWZ3SykIaPD8QP0=",
      "requires": {
        "safe-buffer": "^5.0.1"
      }
    },
    "u2f-api": {
      "version": "1.0.6",
      "resolved": "https://registry.npmjs.org/u2f-api/-/u2f-api-1.0.6.tgz",
      "integrity": "sha512-CDvSoiHLdB4I7ArzAngsSattj7lIRBmih/NAD9VUKVuMBoQHuhDdIkEM80Fu2vAMUQO9WQc/kjF8Akp5JvVfQw=="
    },
    "unbound": {
      "version": "0.1.0",
      "resolved": "https://registry.npmjs.org/unbound/-/unbound-0.1.0.tgz",
      "integrity": "sha512-PEF93iyiFyaCuQ7jSI5FxSzuS91A/vh6nAbKJNzMegpMYxf0PXflXs9SPL8C2KORkIwZwQA/ADgNVI/duVGPmA==",
      "optional": true,
      "requires": {
        "bindings": "~1.3.0",
        "nan": "~2.10.0"
      }
    },
    "urkel": {
      "version": "0.5.1",
      "resolved": "https://registry.npmjs.org/urkel/-/urkel-0.5.1.tgz",
      "integrity": "sha512-3xszZYjMsT1yMBYPqIJjFPMFUpjvEhuaBiX4EW//SFHGslaRWUOesWMS+TYGJwZacj6T90qW1X4xYWlU5l+E2g==",
      "requires": {
        "bfile": "~0.1.1",
        "bmutex": "~0.1.2",
        "bsert": "~0.0.4"
      },
      "dependencies": {
        "bmutex": {
          "version": "0.1.2",
          "resolved": "https://registry.npmjs.org/bmutex/-/bmutex-0.1.2.tgz",
          "integrity": "sha512-H5mZOJQgtK2SMPStn0Zgo+Z/5jf71ZPSblcsepqf4MGa9SrJRsL6jF4jWLlgayGtq6DCAfRuHokZC+WRoHn+AA==",
          "requires": {
            "bsert": "~0.0.3"
          }
        }
      }
    },
    "util-deprecate": {
      "version": "1.0.2",
      "resolved": "https://registry.npmjs.org/util-deprecate/-/util-deprecate-1.0.2.tgz",
      "integrity": "sha1-RQ1Nyfpw3nMnYvvS1KKJgUGaDM8="
    },
    "which-pm-runs": {
      "version": "1.0.0",
      "resolved": "https://registry.npmjs.org/which-pm-runs/-/which-pm-runs-1.0.0.tgz",
      "integrity": "sha1-Zws6+8VS4LVd9rd4DKdGFfI60cs="
    },
    "wide-align": {
      "version": "1.1.3",
      "resolved": "https://registry.npmjs.org/wide-align/-/wide-align-1.1.3.tgz",
      "integrity": "sha512-QGkOQc8XL6Bt5PwnsExKBPuMKBxnGxWWW3fU55Xt4feHozMUhdUMaBCk290qpm/wG5u/RSKzwdAC4i51YigihA==",
      "requires": {
        "string-width": "^1.0.2 || 2"
      }
    },
    "wrappy": {
      "version": "1.0.2",
      "resolved": "https://registry.npmjs.org/wrappy/-/wrappy-1.0.2.tgz",
      "integrity": "sha1-tSQ9jz7BqjXxNkYFvA0QNuMKtp8="
    },
    "xtend": {
      "version": "4.0.1",
      "resolved": "https://registry.npmjs.org/xtend/-/xtend-4.0.1.tgz",
      "integrity": "sha1-pcbVMr5lbiPbgg77lDofBJmNY68="
    }
  }
}
